
Microsoft Visual Studio Solution File, Format Version 12.00
# Visual Studio Version 17
VisualStudioVersion = 17.10.35122.118
MinimumVisualStudioVersion = 10.0.40219.1
Project("{FAE04EC0-301F-11D3-BF4B-00C04F79EFBC}") = "2212410_WDF48", "2212410_WDF48.csproj", "{B68E1EE5-2986-4B29-B39C-A6AFFAE545E3}"
EndProject
Global
	GlobalSection(SolutionConfigurationPlatforms) = preSolution
		Debug|Any CPU = Debug|Any CPU
		Release|Any CPU = Release|Any CPU
	EndGlobalSection
	GlobalSection(ProjectConfigurationPlatforms) = postSolution
		{B68E1EE5-2986-4B29-B39C-A6AFFAE545E3}.Debug|Any CPU.ActiveCfg = Debug|Any CPU
		{B68E1EE5-2986-4B29-B39C-A6AFFAE545E3}.Debug|Any CPU.Build.0 = Debug|Any CPU
		{B68E1EE5-2986-4B29-B39C-A6AFFAE545E3}.Release|Any CPU.ActiveCfg = Release|Any CPU
		{B68E1EE5-2986-4B29-B39C-A6AFFAE545E3}.Release|Any CPU.Build.0 = Release|Any CPU
	EndGlobalSection
	GlobalSection(SolutionProperties) = preSolution
		HideSolutionNode = FALSE
	EndGlobalSection
	GlobalSection(ExtensibilityGlobals) = postSolution
		SolutionGuid = {5E210AB8-EA7C-427A-A583-DFB5165DAF79}
	EndGlobalSection
EndGlobal
